{
  "requires": true,
  "lockfileVersion": 1,
  "dependencies": {
    "@types/devexpress-web": {
      "version": "192.3.0",
      "resolved": "https://registry.npmjs.org/@types/devexpress-web/-/devexpress-web-192.3.0.tgz",
      "integrity": "sha512-wyLFWzQMviR5UhJfqwgxiRTG5SYdGq16M4EnCZ3JUf4o0y8km0JUa9CxpsZ8Wbef68Q1ME9ErIlqTHyPpwU2Dg==",
      "requires": {
        "@types/jquery": "*",
        "@types/knockout": "*"
      }
    },
    "@types/jquery": {
      "version": "3.3.35",
      "resolved": "https://registry.npmjs.org/@types/jquery/-/jquery-3.3.35.tgz",
      "integrity": "sha512-pnIELWhHXJ7RgoFylhiTxD+96QlKBJfEx8JCLj963/dh7zBOKFkZ6rlNqbaCcn2JZrsAxCI8WhgRXznBx2iDsA==",
      "requires": {
        "@types/sizzle": "*"
      }
    },
    "@types/knockout": {
      "version": "3.4.67",
      "resolved": "https://registry.npmjs.org/@types/knockout/-/knockout-3.4.67.tgz",
      "integrity": "sha512-VYg5VcZecApmAILpSsTtD0UUAHUIGWi7/um9WQjbk/ajPWinGZAKkH9U8zbFmvdxfafFGvcRm655XRm6vc6hoQ=="
    },
    "@types/sizzle": {
      "version": "2.3.2",
      "resolved": "https://registry.npmjs.org/@types/sizzle/-/sizzle-2.3.2.tgz",
      "integrity": "sha512-7EJYyKTL7tFR8+gDbB6Wwz/arpGa0Mywk1TJbNzKzHtzbwVmY4HR9WqS5VV7dsBUKQmPNr192jHr/VpBluj/hg=="
    }
  }
}
