
Microsoft Visual Studio Solution File, Format Version 12.00
# Visual Studio Version 16
VisualStudioVersion = 16.0.29709.97
MinimumVisualStudioVersion = 10.0.40219.1
Project("{9A19103F-16F7-4668-BE54-9A1E7A4F7556}") = "SetUpMapsHere", "SetUpMapsHere\SetUpMapsHere.csproj", "{FB6928C0-1F02-4A3F-A6C2-77BD394AA377}"
EndProject
Project("{9A19103F-16F7-4668-BE54-9A1E7A4F7556}") = "ASPDbContext", "ASDDbContext\ASPDbContext.csproj", "{24C00D6F-3C67-4EA4-9C9A-BB7E397FCCF0}"
EndProject
Global
	GlobalSection(SolutionConfigurationPlatforms) = preSolution
		Debug|Any CPU = Debug|Any CPU
		Release|Any CPU = Release|Any CPU
	EndGlobalSection
	GlobalSection(ProjectConfigurationPlatforms) = postSolution
		{FB6928C0-1F02-4A3F-A6C2-77BD394AA377}.Debug|Any CPU.ActiveCfg = Debug|Any CPU
		{FB6928C0-1F02-4A3F-A6C2-77BD394AA377}.Debug|Any CPU.Build.0 = Debug|Any CPU
		{FB6928C0-1F02-4A3F-A6C2-77BD394AA377}.Release|Any CPU.ActiveCfg = Release|Any CPU
		{FB6928C0-1F02-4A3F-A6C2-77BD394AA377}.Release|Any CPU.Build.0 = Release|Any CPU
		{24C00D6F-3C67-4EA4-9C9A-BB7E397FCCF0}.Debug|Any CPU.ActiveCfg = Debug|Any CPU
		{24C00D6F-3C67-4EA4-9C9A-BB7E397FCCF0}.Debug|Any CPU.Build.0 = Debug|Any CPU
		{24C00D6F-3C67-4EA4-9C9A-BB7E397FCCF0}.Release|Any CPU.ActiveCfg = Release|Any CPU
		{24C00D6F-3C67-4EA4-9C9A-BB7E397FCCF0}.Release|Any CPU.Build.0 = Release|Any CPU
	EndGlobalSection
	GlobalSection(SolutionProperties) = preSolution
		HideSolutionNode = FALSE
	EndGlobalSection
	GlobalSection(ExtensibilityGlobals) = postSolution
		SolutionGuid = {40B7BEF0-C23E-4528-AC13-2C569F4DB336}
	EndGlobalSection
EndGlobal
